
Microsoft Visual Studio Solution File, Format Version 12.00
# Visual Studio Version 16
VisualStudioVersion = 16.0.31515.178
MinimumVisualStudioVersion = 10.0.40219.1
Project("{FAE04EC0-301F-11D3-BF4B-00C04F79EFBC}") = "ExercicioFixacaoInterface", "ExercicioFixacaoInterface\ExercicioFixacaoInterface.csproj", "{BA8770AF-C719-4D8B-9195-735CF2F98508}"
EndProject
Global
	GlobalSection(SolutionConfigurationPlatforms) = preSolution
		Debug|Any CPU = Debug|Any CPU
		Release|Any CPU = Release|Any CPU
	EndGlobalSection
	GlobalSection(ProjectConfigurationPlatforms) = postSolution
		{BA8770AF-C719-4D8B-9195-735CF2F98508}.Debug|Any CPU.ActiveCfg = Debug|Any CPU
		{BA8770AF-C719-4D8B-9195-735CF2F98508}.Debug|Any CPU.Build.0 = Debug|Any CPU
		{BA8770AF-C719-4D8B-9195-735CF2F98508}.Release|Any CPU.ActiveCfg = Release|Any CPU
		{BA8770AF-C719-4D8B-9195-735CF2F98508}.Release|Any CPU.Build.0 = Release|Any CPU
	EndGlobalSection
	GlobalSection(SolutionProperties) = preSolution
		HideSolutionNode = FALSE
	EndGlobalSection
	GlobalSection(ExtensibilityGlobals) = postSolution
		SolutionGuid = {D9482DEC-CF5A-42BD-A74A-CFCC7D46911B}
	EndGlobalSection
EndGlobal
