
Microsoft Visual Studio Solution File, Format Version 12.00
# Visual Studio Version 16
VisualStudioVersion = 16.0.31515.178
MinimumVisualStudioVersion = 10.0.40219.1
Project("{FAE04EC0-301F-11D3-BF4B-00C04F79EFBC}") = "OperacoesDateTime2", "OperacoesDateTime2\OperacoesDateTime2.csproj", "{4BB265F6-B490-406C-9130-B983477063DB}"
EndProject
Global
	GlobalSection(SolutionConfigurationPlatforms) = preSolution
		Debug|Any CPU = Debug|Any CPU
		Release|Any CPU = Release|Any CPU
	EndGlobalSection
	GlobalSection(ProjectConfigurationPlatforms) = postSolution
		{4BB265F6-B490-406C-9130-B983477063DB}.Debug|Any CPU.ActiveCfg = Debug|Any CPU
		{4BB265F6-B490-406C-9130-B983477063DB}.Debug|Any CPU.Build.0 = Debug|Any CPU
		{4BB265F6-B490-406C-9130-B983477063DB}.Release|Any CPU.ActiveCfg = Release|Any CPU
		{4BB265F6-B490-406C-9130-B983477063DB}.Release|Any CPU.Build.0 = Release|Any CPU
	EndGlobalSection
	GlobalSection(SolutionProperties) = preSolution
		HideSolutionNode = FALSE
	EndGlobalSection
	GlobalSection(ExtensibilityGlobals) = postSolution
		SolutionGuid = {27CB11F2-35AE-4AEB-A719-E458C1CEC075}
	EndGlobalSection
EndGlobal
