
Microsoft Visual Studio Solution File, Format Version 12.00
# Visual Studio Version 16
VisualStudioVersion = 16.0.31515.178
MinimumVisualStudioVersion = 10.0.40219.1
Project("{FAE04EC0-301F-11D3-BF4B-00C04F79EFBC}") = "ExercicioFiles", "ExercicioFiles\ExercicioFiles.csproj", "{D9016C99-FB32-439F-94B3-05F72B6BECAE}"
EndProject
Global
	GlobalSection(SolutionConfigurationPlatforms) = preSolution
		Debug|Any CPU = Debug|Any CPU
		Release|Any CPU = Release|Any CPU
	EndGlobalSection
	GlobalSection(ProjectConfigurationPlatforms) = postSolution
		{D9016C99-FB32-439F-94B3-05F72B6BECAE}.Debug|Any CPU.ActiveCfg = Debug|Any CPU
		{D9016C99-FB32-439F-94B3-05F72B6BECAE}.Debug|Any CPU.Build.0 = Debug|Any CPU
		{D9016C99-FB32-439F-94B3-05F72B6BECAE}.Release|Any CPU.ActiveCfg = Release|Any CPU
		{D9016C99-FB32-439F-94B3-05F72B6BECAE}.Release|Any CPU.Build.0 = Release|Any CPU
	EndGlobalSection
	GlobalSection(SolutionProperties) = preSolution
		HideSolutionNode = FALSE
	EndGlobalSection
	GlobalSection(ExtensibilityGlobals) = postSolution
		SolutionGuid = {11537225-3328-4A5A-B405-2988129F1F5A}
	EndGlobalSection
EndGlobal
