
Microsoft Visual Studio Solution File, Format Version 12.00
# Visual Studio Version 16
VisualStudioVersion = 16.0.31515.178
MinimumVisualStudioVersion = 10.0.40219.1
Project("{FAE04EC0-301F-11D3-BF4B-00C04F79EFBC}") = "PropriedadesTimeSpan", "PropriedadesTimeSpan\PropriedadesTimeSpan.csproj", "{D9BEE5A7-0DB2-46E7-8BAC-2D01910C42C0}"
EndProject
Global
	GlobalSection(SolutionConfigurationPlatforms) = preSolution
		Debug|Any CPU = Debug|Any CPU
		Release|Any CPU = Release|Any CPU
	EndGlobalSection
	GlobalSection(ProjectConfigurationPlatforms) = postSolution
		{D9BEE5A7-0DB2-46E7-8BAC-2D01910C42C0}.Debug|Any CPU.ActiveCfg = Debug|Any CPU
		{D9BEE5A7-0DB2-46E7-8BAC-2D01910C42C0}.Debug|Any CPU.Build.0 = Debug|Any CPU
		{D9BEE5A7-0DB2-46E7-8BAC-2D01910C42C0}.Release|Any CPU.ActiveCfg = Release|Any CPU
		{D9BEE5A7-0DB2-46E7-8BAC-2D01910C42C0}.Release|Any CPU.Build.0 = Release|Any CPU
	EndGlobalSection
	GlobalSection(SolutionProperties) = preSolution
		HideSolutionNode = FALSE
	EndGlobalSection
	GlobalSection(ExtensibilityGlobals) = postSolution
		SolutionGuid = {E775E908-C1CD-4440-905B-2F6ACB79DE24}
	EndGlobalSection
EndGlobal
