
Microsoft Visual Studio Solution File, Format Version 12.00
# Visual Studio Version 16
VisualStudioVersion = 16.0.31515.178
MinimumVisualStudioVersion = 10.0.40219.1
Project("{FAE04EC0-301F-11D3-BF4B-00C04F79EFBC}") = "ExercicioFixacaoExcecoes", "ExercicioFixacaoExcecoes\ExercicioFixacaoExcecoes.csproj", "{7A15F146-C15D-445A-B1D3-C30590AE6E03}"
EndProject
Global
	GlobalSection(SolutionConfigurationPlatforms) = preSolution
		Debug|Any CPU = Debug|Any CPU
		Release|Any CPU = Release|Any CPU
	EndGlobalSection
	GlobalSection(ProjectConfigurationPlatforms) = postSolution
		{7A15F146-C15D-445A-B1D3-C30590AE6E03}.Debug|Any CPU.ActiveCfg = Debug|Any CPU
		{7A15F146-C15D-445A-B1D3-C30590AE6E03}.Debug|Any CPU.Build.0 = Debug|Any CPU
		{7A15F146-C15D-445A-B1D3-C30590AE6E03}.Release|Any CPU.ActiveCfg = Release|Any CPU
		{7A15F146-C15D-445A-B1D3-C30590AE6E03}.Release|Any CPU.Build.0 = Release|Any CPU
	EndGlobalSection
	GlobalSection(SolutionProperties) = preSolution
		HideSolutionNode = FALSE
	EndGlobalSection
	GlobalSection(ExtensibilityGlobals) = postSolution
		SolutionGuid = {57539205-7491-4437-9B29-27E301466FE9}
	EndGlobalSection
EndGlobal
