
Microsoft Visual Studio Solution File, Format Version 12.00
# Visual Studio Version 16
VisualStudioVersion = 16.0.31515.178
MinimumVisualStudioVersion = 10.0.40219.1
Project("{FAE04EC0-301F-11D3-BF4B-00C04F79EFBC}") = "EstruturaFor", "EstruturaFor\EstruturaFor.csproj", "{38722B2A-88AA-49F5-B60A-EFEB824A340F}"
EndProject
Global
	GlobalSection(SolutionConfigurationPlatforms) = preSolution
		Debug|Any CPU = Debug|Any CPU
		Release|Any CPU = Release|Any CPU
	EndGlobalSection
	GlobalSection(ProjectConfigurationPlatforms) = postSolution
		{38722B2A-88AA-49F5-B60A-EFEB824A340F}.Debug|Any CPU.ActiveCfg = Debug|Any CPU
		{38722B2A-88AA-49F5-B60A-EFEB824A340F}.Debug|Any CPU.Build.0 = Debug|Any CPU
		{38722B2A-88AA-49F5-B60A-EFEB824A340F}.Release|Any CPU.ActiveCfg = Release|Any CPU
		{38722B2A-88AA-49F5-B60A-EFEB824A340F}.Release|Any CPU.Build.0 = Release|Any CPU
	EndGlobalSection
	GlobalSection(SolutionProperties) = preSolution
		HideSolutionNode = FALSE
	EndGlobalSection
	GlobalSection(ExtensibilityGlobals) = postSolution
		SolutionGuid = {538C4181-43EB-4B61-952C-02D5F73FDFCD}
	EndGlobalSection
EndGlobal
