
Microsoft Visual Studio Solution File, Format Version 12.00
# Visual Studio Version 16
VisualStudioVersion = 16.0.31515.178
MinimumVisualStudioVersion = 10.0.40219.1
Project("{FAE04EC0-301F-11D3-BF4B-00C04F79EFBC}") = "FuncaoData", "DateTime\FuncaoData.csproj", "{2EB66124-FC0B-4FA6-92E1-BC1F2DB5CC8D}"
EndProject
Global
	GlobalSection(SolutionConfigurationPlatforms) = preSolution
		Debug|Any CPU = Debug|Any CPU
		Release|Any CPU = Release|Any CPU
	EndGlobalSection
	GlobalSection(ProjectConfigurationPlatforms) = postSolution
		{2EB66124-FC0B-4FA6-92E1-BC1F2DB5CC8D}.Debug|Any CPU.ActiveCfg = Debug|Any CPU
		{2EB66124-FC0B-4FA6-92E1-BC1F2DB5CC8D}.Debug|Any CPU.Build.0 = Debug|Any CPU
		{2EB66124-FC0B-4FA6-92E1-BC1F2DB5CC8D}.Release|Any CPU.ActiveCfg = Release|Any CPU
		{2EB66124-FC0B-4FA6-92E1-BC1F2DB5CC8D}.Release|Any CPU.Build.0 = Release|Any CPU
	EndGlobalSection
	GlobalSection(SolutionProperties) = preSolution
		HideSolutionNode = FALSE
	EndGlobalSection
	GlobalSection(ExtensibilityGlobals) = postSolution
		SolutionGuid = {EF985602-71A3-4C55-8491-0E3D1D0251AE}
	EndGlobalSection
EndGlobal
