
Microsoft Visual Studio Solution File, Format Version 12.00
# Visual Studio Version 16
VisualStudioVersion = 16.0.31515.178
MinimumVisualStudioVersion = 10.0.40219.1
Project("{FAE04EC0-301F-11D3-BF4B-00C04F79EFBC}") = "OperacoesDateTime", "OperacoesDateTime\OperacoesDateTime.csproj", "{96E0ECEC-6CFD-41C6-A241-8A9E90B65841}"
EndProject
Global
	GlobalSection(SolutionConfigurationPlatforms) = preSolution
		Debug|Any CPU = Debug|Any CPU
		Release|Any CPU = Release|Any CPU
	EndGlobalSection
	GlobalSection(ProjectConfigurationPlatforms) = postSolution
		{96E0ECEC-6CFD-41C6-A241-8A9E90B65841}.Debug|Any CPU.ActiveCfg = Debug|Any CPU
		{96E0ECEC-6CFD-41C6-A241-8A9E90B65841}.Debug|Any CPU.Build.0 = Debug|Any CPU
		{96E0ECEC-6CFD-41C6-A241-8A9E90B65841}.Release|Any CPU.ActiveCfg = Release|Any CPU
		{96E0ECEC-6CFD-41C6-A241-8A9E90B65841}.Release|Any CPU.Build.0 = Release|Any CPU
	EndGlobalSection
	GlobalSection(SolutionProperties) = preSolution
		HideSolutionNode = FALSE
	EndGlobalSection
	GlobalSection(ExtensibilityGlobals) = postSolution
		SolutionGuid = {477EFCAB-C1BD-4ACF-831B-5B8D5F76AFC1}
	EndGlobalSection
EndGlobal
