
Microsoft Visual Studio Solution File, Format Version 12.00
# Visual Studio Version 16
VisualStudioVersion = 16.0.31515.178
MinimumVisualStudioVersion = 10.0.40219.1
Project("{FAE04EC0-301F-11D3-BF4B-00C04F79EFBC}") = "OO_Exercicio_05", "OO_Exercicio_05\OO_Exercicio_05.csproj", "{62E3EB85-7DD5-44E5-934F-94B23A3A6309}"
EndProject
Global
	GlobalSection(SolutionConfigurationPlatforms) = preSolution
		Debug|Any CPU = Debug|Any CPU
		Release|Any CPU = Release|Any CPU
	EndGlobalSection
	GlobalSection(ProjectConfigurationPlatforms) = postSolution
		{62E3EB85-7DD5-44E5-934F-94B23A3A6309}.Debug|Any CPU.ActiveCfg = Debug|Any CPU
		{62E3EB85-7DD5-44E5-934F-94B23A3A6309}.Debug|Any CPU.Build.0 = Debug|Any CPU
		{62E3EB85-7DD5-44E5-934F-94B23A3A6309}.Release|Any CPU.ActiveCfg = Release|Any CPU
		{62E3EB85-7DD5-44E5-934F-94B23A3A6309}.Release|Any CPU.Build.0 = Release|Any CPU
	EndGlobalSection
	GlobalSection(SolutionProperties) = preSolution
		HideSolutionNode = FALSE
	EndGlobalSection
	GlobalSection(ExtensibilityGlobals) = postSolution
		SolutionGuid = {7F098A66-FE30-4C43-BB50-5AD614EEFD5C}
	EndGlobalSection
EndGlobal
