
Microsoft Visual Studio Solution File, Format Version 12.00
# Visual Studio Version 16
VisualStudioVersion = 16.0.31515.178
MinimumVisualStudioVersion = 10.0.40219.1
Project("{FAE04EC0-301F-11D3-BF4B-00C04F79EFBC}") = "PadraoDateTimeKind", "DateTimeKind\PadraoDateTimeKind.csproj", "{3EF63BC8-A64E-456C-B61F-077DF932C837}"
EndProject
Global
	GlobalSection(SolutionConfigurationPlatforms) = preSolution
		Debug|Any CPU = Debug|Any CPU
		Release|Any CPU = Release|Any CPU
	EndGlobalSection
	GlobalSection(ProjectConfigurationPlatforms) = postSolution
		{3EF63BC8-A64E-456C-B61F-077DF932C837}.Debug|Any CPU.ActiveCfg = Debug|Any CPU
		{3EF63BC8-A64E-456C-B61F-077DF932C837}.Debug|Any CPU.Build.0 = Debug|Any CPU
		{3EF63BC8-A64E-456C-B61F-077DF932C837}.Release|Any CPU.ActiveCfg = Release|Any CPU
		{3EF63BC8-A64E-456C-B61F-077DF932C837}.Release|Any CPU.Build.0 = Release|Any CPU
	EndGlobalSection
	GlobalSection(SolutionProperties) = preSolution
		HideSolutionNode = FALSE
	EndGlobalSection
	GlobalSection(ExtensibilityGlobals) = postSolution
		SolutionGuid = {48DEFCCD-6650-4DE9-A6E9-1599CA9A9DDE}
	EndGlobalSection
EndGlobal
