
Microsoft Visual Studio Solution File, Format Version 12.00
# Visual Studio Version 16
VisualStudioVersion = 16.0.31515.178
MinimumVisualStudioVersion = 10.0.40219.1
Project("{FAE04EC0-301F-11D3-BF4B-00C04F79EFBC}") = "OO_Exercicio_02", "OO_Exercicio_02\OO_Exercicio_02.csproj", "{DE967640-3FCC-41B7-BD7F-B4FAEDA00B36}"
EndProject
Global
	GlobalSection(SolutionConfigurationPlatforms) = preSolution
		Debug|Any CPU = Debug|Any CPU
		Release|Any CPU = Release|Any CPU
	EndGlobalSection
	GlobalSection(ProjectConfigurationPlatforms) = postSolution
		{DE967640-3FCC-41B7-BD7F-B4FAEDA00B36}.Debug|Any CPU.ActiveCfg = Debug|Any CPU
		{DE967640-3FCC-41B7-BD7F-B4FAEDA00B36}.Debug|Any CPU.Build.0 = Debug|Any CPU
		{DE967640-3FCC-41B7-BD7F-B4FAEDA00B36}.Release|Any CPU.ActiveCfg = Release|Any CPU
		{DE967640-3FCC-41B7-BD7F-B4FAEDA00B36}.Release|Any CPU.Build.0 = Release|Any CPU
	EndGlobalSection
	GlobalSection(SolutionProperties) = preSolution
		HideSolutionNode = FALSE
	EndGlobalSection
	GlobalSection(ExtensibilityGlobals) = postSolution
		SolutionGuid = {D1E4544D-C59D-4443-9ADA-4CD76F9D2177}
	EndGlobalSection
EndGlobal
